
Microsoft Visual Studio Solution File, Format Version 12.00
# Visual Studio Version 17
VisualStudioVersion = 17.9.34728.123
MinimumVisualStudioVersion = 10.0.40219.1
Project("{FAE04EC0-301F-11D3-BF4B-00C04F79EFBC}") = "DLL_HELLO", "DLL_HELLO\DLL_HELLO.csproj", "{3338C257-303D-4FBA-8469-6F6502793209}"
EndProject
Global
	GlobalSection(SolutionConfigurationPlatforms) = preSolution
		Debug|Any CPU = Debug|Any CPU
		Release|Any CPU = Release|Any CPU
	EndGlobalSection
	GlobalSection(ProjectConfigurationPlatforms) = postSolution
		{3338C257-303D-4FBA-8469-6F6502793209}.Debug|Any CPU.ActiveCfg = Debug|Any CPU
		{3338C257-303D-4FBA-8469-6F6502793209}.Debug|Any CPU.Build.0 = Debug|Any CPU
		{3338C257-303D-4FBA-8469-6F6502793209}.Release|Any CPU.ActiveCfg = Release|Any CPU
		{3338C257-303D-4FBA-8469-6F6502793209}.Release|Any CPU.Build.0 = Release|Any CPU
	EndGlobalSection
	GlobalSection(SolutionProperties) = preSolution
		HideSolutionNode = FALSE
	EndGlobalSection
	GlobalSection(ExtensibilityGlobals) = postSolution
		SolutionGuid = {2F27089C-A85F-494D-8F97-33A2F329BE70}
	EndGlobalSection
EndGlobal
